// !$*UTF8*$!
{
	archiveVersion = 1;
	classes = {
	};
	objectVersion = 56;
	objects = {

/* Begin PBXBuildFile section */
		080DBE982BF9080A0094C7C9 /* CountryDataModel.swift in Sources */ = {isa = PBXBuildFile; fileRef = 080DBE972BF9080A0094C7C9 /* CountryDataModel.swift */; };
		080DBE9A2BF908C60094C7C9 /* CountryListViewModel.swift in Sources */ = {isa = PBXBuildFile; fileRef = 080DBE992BF908C60094C7C9 /* CountryListViewModel.swift */; };
		08C434EF2BF9FF5200AAAB38 /* CountryDataRepository.swift in Sources */ = {isa = PBXBuildFile; fileRef = 08C434EE2BF9FF5200AAAB38 /* CountryDataRepository.swift */; };
		08C434F12BFA000600AAAB38 /* NetworkManager.swift in Sources */ = {isa = PBXBuildFile; fileRef = 08C434F02BFA000600AAAB38 /* NetworkManager.swift */; };
		08C434F32BFA00A400AAAB38 /* CountryListUseCase.swift in Sources */ = {isa = PBXBuildFile; fileRef = 08C434F22BFA00A400AAAB38 /* CountryListUseCase.swift */; };
		08C434F62BFA07D300AAAB38 /* AppConstants.swift in Sources */ = {isa = PBXBuildFile; fileRef = 08C434F52BFA07D300AAAB38 /* AppConstants.swift */; };
		08C434F92BFA109200AAAB38 /* StringExtension.swift in Sources */ = {isa = PBXBuildFile; fileRef = 08C434F82BFA109200AAAB38 /* StringExtension.swift */; };
		08C434FE2BFA1A4000AAAB38 /* CountryListTableViewCell.swift in Sources */ = {isa = PBXBuildFile; fileRef = 08C434FC2BFA1A4000AAAB38 /* CountryListTableViewCell.swift */; };
		08C434FF2BFA1A4000AAAB38 /* CountryListTableViewCell.xib in Resources */ = {isa = PBXBuildFile; fileRef = 08C434FD2BFA1A4000AAAB38 /* CountryListTableViewCell.xib */; };
		08FEF6DA2BF8FF400012AB12 /* AppDelegate.swift in Sources */ = {isa = PBXBuildFile; fileRef = 08FEF6D92BF8FF400012AB12 /* AppDelegate.swift */; };
		08FEF6DC2BF8FF400012AB12 /* SceneDelegate.swift in Sources */ = {isa = PBXBuildFile; fileRef = 08FEF6DB2BF8FF400012AB12 /* SceneDelegate.swift */; };
		08FEF6E12BF8FF400012AB12 /* Base in Resources */ = {isa = PBXBuildFile; fileRef = 08FEF6E02BF8FF400012AB12 /* Base */; };
		08FEF6E42BF8FF400012AB12 /* CountryInfoApp.xcdatamodeld in Sources */ = {isa = PBXBuildFile; fileRef = 08FEF6E22BF8FF400012AB12 /* CountryInfoApp.xcdatamodeld */; };
		08FEF6E62BF8FF410012AB12 /* Assets.xcassets in Resources */ = {isa = PBXBuildFile; fileRef = 08FEF6E52BF8FF410012AB12 /* Assets.xcassets */; };
		08FEF6E92BF8FF410012AB12 /* Base in Resources */ = {isa = PBXBuildFile; fileRef = 08FEF6E82BF8FF410012AB12 /* Base */; };
		08FEF6F42BF8FF410012AB12 /* CountryInfoAppTests.swift in Sources */ = {isa = PBXBuildFile; fileRef = 08FEF6F32BF8FF410012AB12 /* CountryInfoAppTests.swift */; };
		08FEF6FE2BF8FF410012AB12 /* CountryInfoAppUITests.swift in Sources */ = {isa = PBXBuildFile; fileRef = 08FEF6FD2BF8FF410012AB12 /* CountryInfoAppUITests.swift */; };
		08FEF7002BF8FF410012AB12 /* CountryInfoAppUITestsLaunchTests.swift in Sources */ = {isa = PBXBuildFile; fileRef = 08FEF6FF2BF8FF410012AB12 /* CountryInfoAppUITestsLaunchTests.swift */; };
		08FEF7112BF902170012AB12 /* CountryListViewController.swift in Sources */ = {isa = PBXBuildFile; fileRef = 08FEF7102BF902170012AB12 /* CountryListViewController.swift */; };
		08FEF7142BF903C20012AB12 /* BluetoothViewController.swift in Sources */ = {isa = PBXBuildFile; fileRef = 08FEF7132BF903C20012AB12 /* BluetoothViewController.swift */; };
/* End PBXBuildFile section */

/* Begin PBXContainerItemProxy section */
		08FEF6F02BF8FF410012AB12 /* PBXContainerItemProxy */ = {
			isa = PBXContainerItemProxy;
			containerPortal = 08FEF6CE2BF8FF400012AB12 /* Project object */;
			proxyType = 1;
			remoteGlobalIDString = 08FEF6D52BF8FF400012AB12;
			remoteInfo = CountryInfoApp;
		};
		08FEF6FA2BF8FF410012AB12 /* PBXContainerItemProxy */ = {
			isa = PBXContainerItemProxy;
			containerPortal = 08FEF6CE2BF8FF400012AB12 /* Project object */;
			proxyType = 1;
			remoteGlobalIDString = 08FEF6D52BF8FF400012AB12;
			remoteInfo = CountryInfoApp;
		};
/* End PBXContainerItemProxy section */

/* Begin PBXFileReference section */
		080DBE972BF9080A0094C7C9 /* CountryDataModel.swift */ = {isa = PBXFileReference; lastKnownFileType = sourcecode.swift; path = CountryDataModel.swift; sourceTree = "<group>"; };
		080DBE992BF908C60094C7C9 /* CountryListViewModel.swift */ = {isa = PBXFileReference; lastKnownFileType = sourcecode.swift; path = CountryListViewModel.swift; sourceTree = "<group>"; };
		08C434EE2BF9FF5200AAAB38 /* CountryDataRepository.swift */ = {isa = PBXFileReference; lastKnownFileType = sourcecode.swift; path = CountryDataRepository.swift; sourceTree = "<group>"; };
		08C434F02BFA000600AAAB38 /* NetworkManager.swift */ = {isa = PBXFileReference; lastKnownFileType = sourcecode.swift; path = NetworkManager.swift; sourceTree = "<group>"; };
		08C434F22BFA00A400AAAB38 /* CountryListUseCase.swift */ = {isa = PBXFileReference; lastKnownFileType = sourcecode.swift; path = CountryListUseCase.swift; sourceTree = "<group>"; };
		08C434F52BFA07D300AAAB38 /* AppConstants.swift */ = {isa = PBXFileReference; lastKnownFileType = sourcecode.swift; path = AppConstants.swift; sourceTree = "<group>"; };
		08C434F82BFA109200AAAB38 /* StringExtension.swift */ = {isa = PBXFileReference; lastKnownFileType = sourcecode.swift; path = StringExtension.swift; sourceTree = "<group>"; };
		08C434FC2BFA1A4000AAAB38 /* CountryListTableViewCell.swift */ = {isa = PBXFileReference; lastKnownFileType = sourcecode.swift; path = CountryListTableViewCell.swift; sourceTree = "<group>"; };
		08C434FD2BFA1A4000AAAB38 /* CountryListTableViewCell.xib */ = {isa = PBXFileReference; lastKnownFileType = file.xib; path = CountryListTableViewCell.xib; sourceTree = "<group>"; };
		08FEF6D62BF8FF400012AB12 /* CountryInfoApp.app */ = {isa = PBXFileReference; explicitFileType = wrapper.application; includeInIndex = 0; path = CountryInfoApp.app; sourceTree = BUILT_PRODUCTS_DIR; };
		08FEF6D92BF8FF400012AB12 /* AppDelegate.swift */ = {isa = PBXFileReference; lastKnownFileType = sourcecode.swift; path = AppDelegate.swift; sourceTree = "<group>"; };
		08FEF6DB2BF8FF400012AB12 /* SceneDelegate.swift */ = {isa = PBXFileReference; lastKnownFileType = sourcecode.swift; path = SceneDelegate.swift; sourceTree = "<group>"; };
		08FEF6E02BF8FF400012AB12 /* Base */ = {isa = PBXFileReference; lastKnownFileType = file.storyboard; name = Base; path = Base.lproj/Main.storyboard; sourceTree = "<group>"; };
		08FEF6E32BF8FF400012AB12 /* CountryInfoApp.xcdatamodel */ = {isa = PBXFileReference; lastKnownFileType = wrapper.xcdatamodel; path = CountryInfoApp.xcdatamodel; sourceTree = "<group>"; };
		08FEF6E52BF8FF410012AB12 /* Assets.xcassets */ = {isa = PBXFileReference; lastKnownFileType = folder.assetcatalog; path = Assets.xcassets; sourceTree = "<group>"; };
		08FEF6E82BF8FF410012AB12 /* Base */ = {isa = PBXFileReference; lastKnownFileType = file.storyboard; name = Base; path = Base.lproj/LaunchScreen.storyboard; sourceTree = "<group>"; };
		08FEF6EA2BF8FF410012AB12 /* Info.plist */ = {isa = PBXFileReference; lastKnownFileType = text.plist.xml; path = Info.plist; sourceTree = "<group>"; };
		08FEF6EF2BF8FF410012AB12 /* CountryInfoAppTests.xctest */ = {isa = PBXFileReference; explicitFileType = wrapper.cfbundle; includeInIndex = 0; path = CountryInfoAppTests.xctest; sourceTree = BUILT_PRODUCTS_DIR; };
		08FEF6F32BF8FF410012AB12 /* CountryInfoAppTests.swift */ = {isa = PBXFileReference; lastKnownFileType = sourcecode.swift; path = CountryInfoAppTests.swift; sourceTree = "<group>"; };
		08FEF6F92BF8FF410012AB12 /* CountryInfoAppUITests.xctest */ = {isa = PBXFileReference; explicitFileType = wrapper.cfbundle; includeInIndex = 0; path = CountryInfoAppUITests.xctest; sourceTree = BUILT_PRODUCTS_DIR; };
		08FEF6FD2BF8FF410012AB12 /* CountryInfoAppUITests.swift */ = {isa = PBXFileReference; lastKnownFileType = sourcecode.swift; path = CountryInfoAppUITests.swift; sourceTree = "<group>"; };
		08FEF6FF2BF8FF410012AB12 /* CountryInfoAppUITestsLaunchTests.swift */ = {isa = PBXFileReference; lastKnownFileType = sourcecode.swift; path = CountryInfoAppUITestsLaunchTests.swift; sourceTree = "<group>"; };
		08FEF7102BF902170012AB12 /* CountryListViewController.swift */ = {isa = PBXFileReference; lastKnownFileType = sourcecode.swift; path = CountryListViewController.swift; sourceTree = "<group>"; };
		08FEF7132BF903C20012AB12 /* BluetoothViewController.swift */ = {isa = PBXFileReference; lastKnownFileType = sourcecode.swift; path = BluetoothViewController.swift; sourceTree = "<group>"; };
/* End PBXFileReference section */

/* Begin PBXFrameworksBuildPhase section */
		08FEF6D32BF8FF400012AB12 /* Frameworks */ = {
			isa = PBXFrameworksBuildPhase;
			buildActionMask = 2147483647;
			files = (
			);
			runOnlyForDeploymentPostprocessing = 0;
		};
		08FEF6EC2BF8FF410012AB12 /* Frameworks */ = {
			isa = PBXFrameworksBuildPhase;
			buildActionMask = 2147483647;
			files = (
			);
			runOnlyForDeploymentPostprocessing = 0;
		};
		08FEF6F62BF8FF410012AB12 /* Frameworks */ = {
			isa = PBXFrameworksBuildPhase;
			buildActionMask = 2147483647;
			files = (
			);
			runOnlyForDeploymentPostprocessing = 0;
		};
/* End PBXFrameworksBuildPhase section */

/* Begin PBXGroup section */
		08C434EC2BF9FEC000AAAB38 /* UseCase */ = {
			isa = PBXGroup;
			children = (
				08C434F22BFA00A400AAAB38 /* CountryListUseCase.swift */,
			);
			path = UseCase;
			sourceTree = "<group>";
		};
		08C434ED2BF9FEC800AAAB38 /* Repository */ = {
			isa = PBXGroup;
			children = (
				08C434EE2BF9FF5200AAAB38 /* CountryDataRepository.swift */,
				08C434F02BFA000600AAAB38 /* NetworkManager.swift */,
			);
			path = Repository;
			sourceTree = "<group>";
		};
		08C434F42BFA07BD00AAAB38 /* AppUtility */ = {
			isa = PBXGroup;
			children = (
				08C434F52BFA07D300AAAB38 /* AppConstants.swift */,
			);
			path = AppUtility;
			sourceTree = "<group>";
		};
		08C434F72BFA107D00AAAB38 /* Extensions */ = {
			isa = PBXGroup;
			children = (
				08C434F82BFA109200AAAB38 /* StringExtension.swift */,
			);
			path = Extensions;
			sourceTree = "<group>";
		};
		08FEF6CD2BF8FF400012AB12 = {
			isa = PBXGroup;
			children = (
				08FEF6D82BF8FF400012AB12 /* CountryInfoApp */,
				08FEF6F22BF8FF410012AB12 /* CountryInfoAppTests */,
				08FEF6FC2BF8FF410012AB12 /* CountryInfoAppUITests */,
				08FEF6D72BF8FF400012AB12 /* Products */,
			);
			sourceTree = "<group>";
		};
		08FEF6D72BF8FF400012AB12 /* Products */ = {
			isa = PBXGroup;
			children = (
				08FEF6D62BF8FF400012AB12 /* CountryInfoApp.app */,
				08FEF6EF2BF8FF410012AB12 /* CountryInfoAppTests.xctest */,
				08FEF6F92BF8FF410012AB12 /* CountryInfoAppUITests.xctest */,
			);
			name = Products;
			sourceTree = "<group>";
		};
		08FEF6D82BF8FF400012AB12 /* CountryInfoApp */ = {
			isa = PBXGroup;
			children = (
				08C434F72BFA107D00AAAB38 /* Extensions */,
				08C434F42BFA07BD00AAAB38 /* AppUtility */,
				08FEF70E2BF901E50012AB12 /* View */,
				08FEF70D2BF901DD0012AB12 /* Model */,
				08FEF70C2BF901D10012AB12 /* ViewModel */,
				08C434EC2BF9FEC000AAAB38 /* UseCase */,
				08C434ED2BF9FEC800AAAB38 /* Repository */,
				08FEF6D92BF8FF400012AB12 /* AppDelegate.swift */,
				08FEF6DB2BF8FF400012AB12 /* SceneDelegate.swift */,
				08FEF6E52BF8FF410012AB12 /* Assets.xcassets */,
				08FEF6E72BF8FF410012AB12 /* LaunchScreen.storyboard */,
				08FEF6EA2BF8FF410012AB12 /* Info.plist */,
				08FEF6E22BF8FF400012AB12 /* CountryInfoApp.xcdatamodeld */,
			);
			path = CountryInfoApp;
			sourceTree = "<group>";
		};
		08FEF6F22BF8FF410012AB12 /* CountryInfoAppTests */ = {
			isa = PBXGroup;
			children = (
				08FEF6F32BF8FF410012AB12 /* CountryInfoAppTests.swift */,
			);
			path = CountryInfoAppTests;
			sourceTree = "<group>";
		};
		08FEF6FC2BF8FF410012AB12 /* CountryInfoAppUITests */ = {
			isa = PBXGroup;
			children = (
				08FEF6FD2BF8FF410012AB12 /* CountryInfoAppUITests.swift */,
				08FEF6FF2BF8FF410012AB12 /* CountryInfoAppUITestsLaunchTests.swift */,
			);
			path = CountryInfoAppUITests;
			sourceTree = "<group>";
		};
		08FEF70C2BF901D10012AB12 /* ViewModel */ = {
			isa = PBXGroup;
			children = (
				080DBE992BF908C60094C7C9 /* CountryListViewModel.swift */,
			);
			path = ViewModel;
			sourceTree = "<group>";
		};
		08FEF70D2BF901DD0012AB12 /* Model */ = {
			isa = PBXGroup;
			children = (
				080DBE972BF9080A0094C7C9 /* CountryDataModel.swift */,
			);
			path = Model;
			sourceTree = "<group>";
		};
		08FEF70E2BF901E50012AB12 /* View */ = {
			isa = PBXGroup;
			children = (
				08FEF6DF2BF8FF400012AB12 /* Main.storyboard */,
				08C434FC2BFA1A4000AAAB38 /* CountryListTableViewCell.swift */,
				08C434FD2BFA1A4000AAAB38 /* CountryListTableViewCell.xib */,
				08FEF70F2BF901F20012AB12 /* Controller */,
			);
			path = View;
			sourceTree = "<group>";
		};
		08FEF70F2BF901F20012AB12 /* Controller */ = {
			isa = PBXGroup;
			children = (
				08FEF7102BF902170012AB12 /* CountryListViewController.swift */,
				08FEF7132BF903C20012AB12 /* BluetoothViewController.swift */,
			);
			path = Controller;
			sourceTree = "<group>";
		};
/* End PBXGroup section */

/* Begin PBXNativeTarget section */
		08FEF6D52BF8FF400012AB12 /* CountryInfoApp */ = {
			isa = PBXNativeTarget;
			buildConfigurationList = 08FEF7032BF8FF410012AB12 /* Build configuration list for PBXNativeTarget "CountryInfoApp" */;
			buildPhases = (
				08FEF6D22BF8FF400012AB12 /* Sources */,
				08FEF6D32BF8FF400012AB12 /* Frameworks */,
				08FEF6D42BF8FF400012AB12 /* Resources */,
			);
			buildRules = (
			);
			dependencies = (
			);
			name = CountryInfoApp;
			productName = CountryInfoApp;
			productReference = 08FEF6D62BF8FF400012AB12 /* CountryInfoApp.app */;
			productType = "com.apple.product-type.application";
		};
		08FEF6EE2BF8FF410012AB12 /* CountryInfoAppTests */ = {
			isa = PBXNativeTarget;
			buildConfigurationList = 08FEF7062BF8FF410012AB12 /* Build configuration list for PBXNativeTarget "CountryInfoAppTests" */;
			buildPhases = (
				08FEF6EB2BF8FF410012AB12 /* Sources */,
				08FEF6EC2BF8FF410012AB12 /* Frameworks */,
				08FEF6ED2BF8FF410012AB12 /* Resources */,
			);
			buildRules = (
			);
			dependencies = (
				08FEF6F12BF8FF410012AB12 /* PBXTargetDependency */,
			);
			name = CountryInfoAppTests;
			productName = CountryInfoAppTests;
			productReference = 08FEF6EF2BF8FF410012AB12 /* CountryInfoAppTests.xctest */;
			productType = "com.apple.product-type.bundle.unit-test";
		};
		08FEF6F82BF8FF410012AB12 /* CountryInfoAppUITests */ = {
			isa = PBXNativeTarget;
			buildConfigurationList = 08FEF7092BF8FF410012AB12 /* Build configuration list for PBXNativeTarget "CountryInfoAppUITests" */;
			buildPhases = (
				08FEF6F52BF8FF410012AB12 /* Sources */,
				08FEF6F62BF8FF410012AB12 /* Frameworks */,
				08FEF6F72BF8FF410012AB12 /* Resources */,
			);
			buildRules = (
			);
			dependencies = (
				08FEF6FB2BF8FF410012AB12 /* PBXTargetDependency */,
			);
			name = CountryInfoAppUITests;
			productName = CountryInfoAppUITests;
			productReference = 08FEF6F92BF8FF410012AB12 /* CountryInfoAppUITests.xctest */;
			productType = "com.apple.product-type.bundle.ui-testing";
		};
/* End PBXNativeTarget section */

/* Begin PBXProject section */
		08FEF6CE2BF8FF400012AB12 /* Project object */ = {
			isa = PBXProject;
			attributes = {
				BuildIndependentTargetsInParallel = 1;
				LastSwiftUpdateCheck = 1530;
				LastUpgradeCheck = 1530;
				TargetAttributes = {
					08FEF6D52BF8FF400012AB12 = {
						CreatedOnToolsVersion = 15.3;
					};
					08FEF6EE2BF8FF410012AB12 = {
						CreatedOnToolsVersion = 15.3;
						TestTargetID = 08FEF6D52BF8FF400012AB12;
					};
					08FEF6F82BF8FF410012AB12 = {
						CreatedOnToolsVersion = 15.3;
						TestTargetID = 08FEF6D52BF8FF400012AB12;
					};
				};
			};
			buildConfigurationList = 08FEF6D12BF8FF400012AB12 /* Build configuration list for PBXProject "CountryInfoApp" */;
			compatibilityVersion = "Xcode 14.0";
			developmentRegion = en;
			hasScannedForEncodings = 0;
			knownRegions = (
				en,
				Base,
			);
			mainGroup = 08FEF6CD2BF8FF400012AB12;
			productRefGroup = 08FEF6D72BF8FF400012AB12 /* Products */;
			projectDirPath = "";
			projectRoot = "";
			targets = (
				08FEF6D52BF8FF400012AB12 /* CountryInfoApp */,
				08FEF6EE2BF8FF410012AB12 /* CountryInfoAppTests */,
				08FEF6F82BF8FF410012AB12 /* CountryInfoAppUITests */,
			);
		};
/* End PBXProject section */

/* Begin PBXResourcesBuildPhase section */
		08FEF6D42BF8FF400012AB12 /* Resources */ = {
			isa = PBXResourcesBuildPhase;
			buildActionMask = 2147483647;
			files = (
				08C434FF2BFA1A4000AAAB38 /* CountryListTableViewCell.xib in Resources */,
				08FEF6E62BF8FF410012AB12 /* Assets.xcassets in Resources */,
				08FEF6E92BF8FF410012AB12 /* Base in Resources */,
				08FEF6E12BF8FF400012AB12 /* Base in Resources */,
			);
			runOnlyForDeploymentPostprocessing = 0;
		};
		08FEF6ED2BF8FF410012AB12 /* Resources */ = {
			isa = PBXResourcesBuildPhase;
			buildActionMask = 2147483647;
			files = (
			);
			runOnlyForDeploymentPostprocessing = 0;
		};
		08FEF6F72BF8FF410012AB12 /* Resources */ = {
			isa = PBXResourcesBuildPhase;
			buildActionMask = 2147483647;
			files = (
			);
			runOnlyForDeploymentPostprocessing = 0;
		};
/* End PBXResourcesBuildPhase section */

/* Begin PBXSourcesBuildPhase section */
		08FEF6D22BF8FF400012AB12 /* Sources */ = {
			isa = PBXSourcesBuildPhase;
			buildActionMask = 2147483647;
			files = (
				08C434F12BFA000600AAAB38 /* NetworkManager.swift in Sources */,
				08FEF6E42BF8FF400012AB12 /* CountryInfoApp.xcdatamodeld in Sources */,
				080DBE9A2BF908C60094C7C9 /* CountryListViewModel.swift in Sources */,
				08C434FE2BFA1A4000AAAB38 /* CountryListTableViewCell.swift in Sources */,
				08C434F62BFA07D300AAAB38 /* AppConstants.swift in Sources */,
				08FEF7112BF902170012AB12 /* CountryListViewController.swift in Sources */,
				08C434F32BFA00A400AAAB38 /* CountryListUseCase.swift in Sources */,
				08FEF7142BF903C20012AB12 /* BluetoothViewController.swift in Sources */,
				08C434EF2BF9FF5200AAAB38 /* CountryDataRepository.swift in Sources */,
				08C434F92BFA109200AAAB38 /* StringExtension.swift in Sources */,
				080DBE982BF9080A0094C7C9 /* CountryDataModel.swift in Sources */,
				08FEF6DA2BF8FF400012AB12 /* AppDelegate.swift in Sources */,
				08FEF6DC2BF8FF400012AB12 /* SceneDelegate.swift in Sources */,
			);
			runOnlyForDeploymentPostprocessing = 0;
		};
		08FEF6EB2BF8FF410012AB12 /* Sources */ = {
			isa = PBXSourcesBuildPhase;
			buildActionMask = 2147483647;
			files = (
				08FEF6F42BF8FF410012AB12 /* CountryInfoAppTests.swift in Sources */,
			);
			runOnlyForDeploymentPostprocessing = 0;
		};
		08FEF6F52BF8FF410012AB12 /* Sources */ = {
			isa = PBXSourcesBuildPhase;
			buildActionMask = 2147483647;
			files = (
				08FEF6FE2BF8FF410012AB12 /* CountryInfoAppUITests.swift in Sources */,
				08FEF7002BF8FF410012AB12 /* CountryInfoAppUITestsLaunchTests.swift in Sources */,
			);
			runOnlyForDeploymentPostprocessing = 0;
		};
/* End PBXSourcesBuildPhase section */

/* Begin PBXTargetDependency section */
		08FEF6F12BF8FF410012AB12 /* PBXTargetDependency */ = {
			isa = PBXTargetDependency;
			target = 08FEF6D52BF8FF400012AB12 /* CountryInfoApp */;
			targetProxy = 08FEF6F02BF8FF410012AB12 /* PBXContainerItemProxy */;
		};
		08FEF6FB2BF8FF410012AB12 /* PBXTargetDependency */ = {
			isa = PBXTargetDependency;
			target = 08FEF6D52BF8FF400012AB12 /* CountryInfoApp */;
			targetProxy = 08FEF6FA2BF8FF410012AB12 /* PBXContainerItemProxy */;
		};
/* End PBXTargetDependency section */

/* Begin PBXVariantGroup section */
		08FEF6DF2BF8FF400012AB12 /* Main.storyboard */ = {
			isa = PBXVariantGroup;
			children = (
				08FEF6E02BF8FF400012AB12 /* Base */,
			);
			name = Main.storyboard;
			sourceTree = "<group>";
		};
		08FEF6E72BF8FF410012AB12 /* LaunchScreen.storyboard */ = {
			isa = PBXVariantGroup;
			children = (
				08FEF6E82BF8FF410012AB12 /* Base */,
			);
			name = LaunchScreen.storyboard;
			sourceTree = "<group>";
		};
/* End PBXVariantGroup section */

/* Begin XCBuildConfiguration section */
		08FEF7012BF8FF410012AB12 /* Debug */ = {
			isa = XCBuildConfiguration;
			buildSettings = {
				ALWAYS_SEARCH_USER_PATHS = NO;
				ASSETCATALOG_COMPILER_GENERATE_SWIFT_ASSET_SYMBOL_EXTENSIONS = YES;
				CLANG_ANALYZER_NONNULL = YES;
				CLANG_ANALYZER_NUMBER_OBJECT_CONVERSION = YES_AGGRESSIVE;
				CLANG_CXX_LANGUAGE_STANDARD = "gnu++20";
				CLANG_ENABLE_MODULES = YES;
				CLANG_ENABLE_OBJC_ARC = YES;
				CLANG_ENABLE_OBJC_WEAK = YES;
				CLANG_WARN_BLOCK_CAPTURE_AUTORELEASING = YES;
				CLANG_WARN_BOOL_CONVERSION = YES;
				CLANG_WARN_COMMA = YES;
				CLANG_WARN_CONSTANT_CONVERSION = YES;
				CLANG_WARN_DEPRECATED_OBJC_IMPLEMENTATIONS = YES;
				CLANG_WARN_DIRECT_OBJC_ISA_USAGE = YES_ERROR;
				CLANG_WARN_DOCUMENTATION_COMMENTS = YES;
				CLANG_WARN_EMPTY_BODY = YES;
				CLANG_WARN_ENUM_CONVERSION = YES;
				CLANG_WARN_INFINITE_RECURSION = YES;
				CLANG_WARN_INT_CONVERSION = YES;
				CLANG_WARN_NON_LITERAL_NULL_CONVERSION = YES;
				CLANG_WARN_OBJC_IMPLICIT_RETAIN_SELF = YES;
				CLANG_WARN_OBJC_LITERAL_CONVERSION = YES;
				CLANG_WARN_OBJC_ROOT_CLASS = YES_ERROR;
				CLANG_WARN_QUOTED_INCLUDE_IN_FRAMEWORK_HEADER = YES;
				CLANG_WARN_RANGE_LOOP_ANALYSIS = YES;
				CLANG_WARN_STRICT_PROTOTYPES = YES;
				CLANG_WARN_SUSPICIOUS_MOVE = YES;
				CLANG_WARN_UNGUARDED_AVAILABILITY = YES_AGGRESSIVE;
				CLANG_WARN_UNREACHABLE_CODE = YES;
				CLANG_WARN__DUPLICATE_METHOD_MATCH = YES;
				COPY_PHASE_STRIP = NO;
				DEBUG_INFORMATION_FORMAT = dwarf;
				ENABLE_STRICT_OBJC_MSGSEND = YES;
				ENABLE_TESTABILITY = YES;
				ENABLE_USER_SCRIPT_SANDBOXING = YES;
				GCC_C_LANGUAGE_STANDARD = gnu17;
				GCC_DYNAMIC_NO_PIC = NO;
				GCC_NO_COMMON_BLOCKS = YES;
				GCC_OPTIMIZATION_LEVEL = 0;
				GCC_PREPROCESSOR_DEFINITIONS = (
					"DEBUG=1",
					"$(inherited)",
				);
				GCC_WARN_64_TO_32_BIT_CONVERSION = YES;
				GCC_WARN_ABOUT_RETURN_TYPE = YES_ERROR;
				GCC_WARN_UNDECLARED_SELECTOR = YES;
				GCC_WARN_UNINITIALIZED_AUTOS = YES_AGGRESSIVE;
				GCC_WARN_UNUSED_FUNCTION = YES;
				GCC_WARN_UNUSED_VARIABLE = YES;
				IPHONEOS_DEPLOYMENT_TARGET = 17.4;
				LOCALIZATION_PREFERS_STRING_CATALOGS = YES;
				MTL_ENABLE_DEBUG_INFO = INCLUDE_SOURCE;
				MTL_FAST_MATH = YES;
				ONLY_ACTIVE_ARCH = YES;
				SDKROOT = iphoneos;
				SWIFT_ACTIVE_COMPILATION_CONDITIONS = "DEBUG $(inherited)";
				SWIFT_OPTIMIZATION_LEVEL = "-Onone";
			};
			name = Debug;
		};
		08FEF7022BF8FF410012AB12 /* Release */ = {
			isa = XCBuildConfiguration;
			buildSettings = {
				ALWAYS_SEARCH_USER_PATHS = NO;
				ASSETCATALOG_COMPILER_GENERATE_SWIFT_ASSET_SYMBOL_EXTENSIONS = YES;
				CLANG_ANALYZER_NONNULL = YES;
				CLANG_ANALYZER_NUMBER_OBJECT_CONVERSION = YES_AGGRESSIVE;
				CLANG_CXX_LANGUAGE_STANDARD = "gnu++20";
				CLANG_ENABLE_MODULES = YES;
				CLANG_ENABLE_OBJC_ARC = YES;
				CLANG_ENABLE_OBJC_WEAK = YES;
				CLANG_WARN_BLOCK_CAPTURE_AUTORELEASING = YES;
				CLANG_WARN_BOOL_CONVERSION = YES;
				CLANG_WARN_COMMA = YES;
				CLANG_WARN_CONSTANT_CONVERSION = YES;
				CLANG_WARN_DEPRECATED_OBJC_IMPLEMENTATIONS = YES;
				CLANG_WARN_DIRECT_OBJC_ISA_USAGE = YES_ERROR;
				CLANG_WARN_DOCUMENTATION_COMMENTS = YES;
				CLANG_WARN_EMPTY_BODY = YES;
				CLANG_WARN_ENUM_CONVERSION = YES;
				CLANG_WARN_INFINITE_RECURSION = YES;
				CLANG_WARN_INT_CONVERSION = YES;
				CLANG_WARN_NON_LITERAL_NULL_CONVERSION = YES;
				CLANG_WARN_OBJC_IMPLICIT_RETAIN_SELF = YES;
				CLANG_WARN_OBJC_LITERAL_CONVERSION = YES;
				CLANG_WARN_OBJC_ROOT_CLASS = YES_ERROR;
				CLANG_WARN_QUOTED_INCLUDE_IN_FRAMEWORK_HEADER = YES;
				CLANG_WARN_RANGE_LOOP_ANALYSIS = YES;
				CLANG_WARN_STRICT_PROTOTYPES = YES;
				CLANG_WARN_SUSPICIOUS_MOVE = YES;
				CLANG_WARN_UNGUARDED_AVAILABILITY = YES_AGGRESSIVE;
				CLANG_WARN_UNREACHABLE_CODE = YES;
				CLANG_WARN__DUPLICATE_METHOD_MATCH = YES;
				COPY_PHASE_STRIP = NO;
				DEBUG_INFORMATION_FORMAT = "dwarf-with-dsym";
				ENABLE_NS_ASSERTIONS = NO;
				ENABLE_STRICT_OBJC_MSGSEND = YES;
				ENABLE_USER_SCRIPT_SANDBOXING = YES;
				GCC_C_LANGUAGE_STANDARD = gnu17;
				GCC_NO_COMMON_BLOCKS = YES;
				GCC_WARN_64_TO_32_BIT_CONVERSION = YES;
				GCC_WARN_ABOUT_RETURN_TYPE = YES_ERROR;
				GCC_WARN_UNDECLARED_SELECTOR = YES;
				GCC_WARN_UNINITIALIZED_AUTOS = YES_AGGRESSIVE;
				GCC_WARN_UNUSED_FUNCTION = YES;
				GCC_WARN_UNUSED_VARIABLE = YES;
				IPHONEOS_DEPLOYMENT_TARGET = 17.4;
				LOCALIZATION_PREFERS_STRING_CATALOGS = YES;
				MTL_ENABLE_DEBUG_INFO = NO;
				MTL_FAST_MATH = YES;
				SDKROOT = iphoneos;
				SWIFT_COMPILATION_MODE = wholemodule;
				VALIDATE_PRODUCT = YES;
			};
			name = Release;
		};
		08FEF7042BF8FF410012AB12 /* Debug */ = {
			isa = XCBuildConfiguration;
			buildSettings = {
				ASSETCATALOG_COMPILER_APPICON_NAME = AppIcon;
				ASSETCATALOG_COMPILER_GLOBAL_ACCENT_COLOR_NAME = AccentColor;
				CODE_SIGN_STYLE = Automatic;
				CURRENT_PROJECT_VERSION = 1;
				DEVELOPMENT_TEAM = LG92TWM92R;
				GENERATE_INFOPLIST_FILE = YES;
				INFOPLIST_FILE = CountryInfoApp/Info.plist;
				INFOPLIST_KEY_UIApplicationSupportsIndirectInputEvents = YES;
				INFOPLIST_KEY_UILaunchStoryboardName = LaunchScreen;
				INFOPLIST_KEY_UIMainStoryboardFile = Main;
				INFOPLIST_KEY_UISupportedInterfaceOrientations_iPad = "UIInterfaceOrientationPortrait UIInterfaceOrientationPortraitUpsideDown UIInterfaceOrientationLandscapeLeft UIInterfaceOrientationLandscapeRight";
				INFOPLIST_KEY_UISupportedInterfaceOrientations_iPhone = "UIInterfaceOrientationPortrait UIInterfaceOrientationLandscapeLeft UIInterfaceOrientationLandscapeRight";
				LD_RUNPATH_SEARCH_PATHS = (
					"$(inherited)",
					"@executable_path/Frameworks",
				);
				MARKETING_VERSION = 1.0;
				PRODUCT_BUNDLE_IDENTIFIER = TechieShravan.CountryInfoApp;
				PRODUCT_NAME = "$(TARGET_NAME)";
				SWIFT_EMIT_LOC_STRINGS = YES;
				SWIFT_VERSION = 5.0;
				TARGETED_DEVICE_FAMILY = "1,2";
			};
			name = Debug;
		};
		08FEF7052BF8FF410012AB12 /* Release */ = {
			isa = XCBuildConfiguration;
			buildSettings = {
				ASSETCATALOG_COMPILER_APPICON_NAME = AppIcon;
				ASSETCATALOG_COMPILER_GLOBAL_ACCENT_COLOR_NAME = AccentColor;
				CODE_SIGN_STYLE = Automatic;
				CURRENT_PROJECT_VERSION = 1;
				DEVELOPMENT_TEAM = LG92TWM92R;
				GENERATE_INFOPLIST_FILE = YES;
				INFOPLIST_FILE = CountryInfoApp/Info.plist;
				INFOPLIST_KEY_UIApplicationSupportsIndirectInputEvents = YES;
				INFOPLIST_KEY_UILaunchStoryboardName = LaunchScreen;
				INFOPLIST_KEY_UIMainStoryboardFile = Main;
				INFOPLIST_KEY_UISupportedInterfaceOrientations_iPad = "UIInterfaceOrientationPortrait UIInterfaceOrientationPortraitUpsideDown UIInterfaceOrientationLandscapeLeft UIInterfaceOrientationLandscapeRight";
				INFOPLIST_KEY_UISupportedInterfaceOrientations_iPhone = "UIInterfaceOrientationPortrait UIInterfaceOrientationLandscapeLeft UIInterfaceOrientationLandscapeRight";
				LD_RUNPATH_SEARCH_PATHS = (
					"$(inherited)",
					"@executable_path/Frameworks",
				);
				MARKETING_VERSION = 1.0;
				PRODUCT_BUNDLE_IDENTIFIER = TechieShravan.CountryInfoApp;
				PRODUCT_NAME = "$(TARGET_NAME)";
				SWIFT_EMIT_LOC_STRINGS = YES;
				SWIFT_VERSION = 5.0;
				TARGETED_DEVICE_FAMILY = "1,2";
			};
			name = Release;
		};
		08FEF7072BF8FF410012AB12 /* Debug */ = {
			isa = XCBuildConfiguration;
			buildSettings = {
				ALWAYS_EMBED_SWIFT_STANDARD_LIBRARIES = YES;
				BUNDLE_LOADER = "$(TEST_HOST)";
				CODE_SIGN_STYLE = Automatic;
				CURRENT_PROJECT_VERSION = 1;
				DEVELOPMENT_TEAM = LG92TWM92R;
				GENERATE_INFOPLIST_FILE = YES;
				IPHONEOS_DEPLOYMENT_TARGET = 17.4;
				MARKETING_VERSION = 1.0;
				PRODUCT_BUNDLE_IDENTIFIER = TechieShravan.CountryInfoAppTests;
				PRODUCT_NAME = "$(TARGET_NAME)";
				SWIFT_EMIT_LOC_STRINGS = NO;
				SWIFT_VERSION = 5.0;
				TARGETED_DEVICE_FAMILY = "1,2";
				TEST_HOST = "$(BUILT_PRODUCTS_DIR)/CountryInfoApp.app/$(BUNDLE_EXECUTABLE_FOLDER_PATH)/CountryInfoApp";
			};
			name = Debug;
		};
		08FEF7082BF8FF410012AB12 /* Release */ = {
			isa = XCBuildConfiguration;
			buildSettings = {
				ALWAYS_EMBED_SWIFT_STANDARD_LIBRARIES = YES;
				BUNDLE_LOADER = "$(TEST_HOST)";
				CODE_SIGN_STYLE = Automatic;
				CURRENT_PROJECT_VERSION = 1;
				DEVELOPMENT_TEAM = LG92TWM92R;
				GENERATE_INFOPLIST_FILE = YES;
				IPHONEOS_DEPLOYMENT_TARGET = 17.4;
				MARKETING_VERSION = 1.0;
				PRODUCT_BUNDLE_IDENTIFIER = TechieShravan.CountryInfoAppTests;
				PRODUCT_NAME = "$(TARGET_NAME)";
				SWIFT_EMIT_LOC_STRINGS = NO;
				SWIFT_VERSION = 5.0;
				TARGETED_DEVICE_FAMILY = "1,2";
				TEST_HOST = "$(BUILT_PRODUCTS_DIR)/CountryInfoApp.app/$(BUNDLE_EXECUTABLE_FOLDER_PATH)/CountryInfoApp";
			};
			name = Release;
		};
		08FEF70A2BF8FF410012AB12 /* Debug */ = {
			isa = XCBuildConfiguration;
			buildSettings = {
				ALWAYS_EMBED_SWIFT_STANDARD_LIBRARIES = YES;
				CODE_SIGN_STYLE = Automatic;
				CURRENT_PROJECT_VERSION = 1;
				DEVELOPMENT_TEAM = LG92TWM92R;
				GENERATE_INFOPLIST_FILE = YES;
				MARKETING_VERSION = 1.0;
				PRODUCT_BUNDLE_IDENTIFIER = TechieShravan.CountryInfoAppUITests;
				PRODUCT_NAME = "$(TARGET_NAME)";
				SWIFT_EMIT_LOC_STRINGS = NO;
				SWIFT_VERSION = 5.0;
				TARGETED_DEVICE_FAMILY = "1,2";
				TEST_TARGET_NAME = CountryInfoApp;
			};
			name = Debug;
		};
		08FEF70B2BF8FF410012AB12 /* Release */ = {
			isa = XCBuildConfiguration;
			buildSettings = {
				ALWAYS_EMBED_SWIFT_STANDARD_LIBRARIES = YES;
				CODE_SIGN_STYLE = Automatic;
				CURRENT_PROJECT_VERSION = 1;
				DEVELOPMENT_TEAM = LG92TWM92R;
				GENERATE_INFOPLIST_FILE = YES;
				MARKETING_VERSION = 1.0;
				PRODUCT_BUNDLE_IDENTIFIER = TechieShravan.CountryInfoAppUITests;
				PRODUCT_NAME = "$(TARGET_NAME)";
				SWIFT_EMIT_LOC_STRINGS = NO;
				SWIFT_VERSION = 5.0;
				TARGETED_DEVICE_FAMILY = "1,2";
				TEST_TARGET_NAME = CountryInfoApp;
			};
			name = Release;
		};
/* End XCBuildConfiguration section */

/* Begin XCConfigurationList section */
		08FEF6D12BF8FF400012AB12 /* Build configuration list for PBXProject "CountryInfoApp" */ = {
			isa = XCConfigurationList;
			buildConfigurations = (
				08FEF7012BF8FF410012AB12 /* Debug */,
				08FEF7022BF8FF410012AB12 /* Release */,
			);
			defaultConfigurationIsVisible = 0;
			defaultConfigurationName = Release;
		};
		08FEF7032BF8FF410012AB12 /* Build configuration list for PBXNativeTarget "CountryInfoApp" */ = {
			isa = XCConfigurationList;
			buildConfigurations = (
				08FEF7042BF8FF410012AB12 /* Debug */,
				08FEF7052BF8FF410012AB12 /* Release */,
			);
			defaultConfigurationIsVisible = 0;
			defaultConfigurationName = Release;
		};
		08FEF7062BF8FF410012AB12 /* Build configuration list for PBXNativeTarget "CountryInfoAppTests" */ = {
			isa = XCConfigurationList;
			buildConfigurations = (
				08FEF7072BF8FF410012AB12 /* Debug */,
				08FEF7082BF8FF410012AB12 /* Release */,
			);
			defaultConfigurationIsVisible = 0;
			defaultConfigurationName = Release;
		};
		08FEF7092BF8FF410012AB12 /* Build configuration list for PBXNativeTarget "CountryInfoAppUITests" */ = {
			isa = XCConfigurationList;
			buildConfigurations = (
				08FEF70A2BF8FF410012AB12 /* Debug */,
				08FEF70B2BF8FF410012AB12 /* Release */,
			);
			defaultConfigurationIsVisible = 0;
			defaultConfigurationName = Release;
		};
/* End XCConfigurationList section */

/* Begin XCVersionGroup section */
		08FEF6E22BF8FF400012AB12 /* CountryInfoApp.xcdatamodeld */ = {
			isa = XCVersionGroup;
			children = (
				08FEF6E32BF8FF400012AB12 /* CountryInfoApp.xcdatamodel */,
			);
			currentVersion = 08FEF6E32BF8FF400012AB12 /* CountryInfoApp.xcdatamodel */;
			path = CountryInfoApp.xcdatamodeld;
			sourceTree = "<group>";
			versionGroupType = wrapper.xcdatamodel;
		};
/* End XCVersionGroup section */
	};
	rootObject = 08FEF6CE2BF8FF400012AB12 /* Project object */;
}
